// !$*UTF8*$!
{
	archiveVersion = 1;
	classes = {
	};
	objectVersion = 56;
	objects = {

/* Begin PBXBuildFile section */
		B6FB856E2BD154DA00F6D8C2 /* Navigation in Frameworks */ = {isa = PBXBuildFile; productRef = B6FB856D2BD154DA00F6D8C2 /* Navigation */; };
		B6FB85702BD1553E00F6D8C2 /* AppDelegate.swift in Sources */ = {isa = PBXBuildFile; fileRef = B6FB856F2BD1553E00F6D8C2 /* AppDelegate.swift */; };
		B6FB85722BD1559400F6D8C2 /* AppServiceAssembly.swift in Sources */ = {isa = PBXBuildFile; fileRef = B6FB85712BD1559400F6D8C2 /* AppServiceAssembly.swift */; };
		B6FB85742BD155DA00F6D8C2 /* HTTPClient in Frameworks */ = {isa = PBXBuildFile; productRef = B6FB85732BD155DA00F6D8C2 /* HTTPClient */; };
		B6FB85762BD155E500F6D8C2 /* UserDefaultManager in Frameworks */ = {isa = PBXBuildFile; productRef = B6FB85752BD155E500F6D8C2 /* UserDefaultManager */; };
		B6FB85782BD155F500F6D8C2 /* WebDataSource in Frameworks */ = {isa = PBXBuildFile; productRef = B6FB85772BD155F500F6D8C2 /* WebDataSource */; };
		B6FB857A2BD157ED00F6D8C2 /* Assets.xcassets in Resources */ = {isa = PBXBuildFile; fileRef = B6FB85792BD157ED00F6D8C2 /* Assets.xcassets */; };
		B6FB857C2BD15CDC00F6D8C2 /* Localizable.xcstrings in Resources */ = {isa = PBXBuildFile; fileRef = B6FB857B2BD15CDC00F6D8C2 /* Localizable.xcstrings */; };
		B6FB857E2BD1607C00F6D8C2 /* Films in Frameworks */ = {isa = PBXBuildFile; productRef = B6FB857D2BD1607C00F6D8C2 /* Films */; };
		B6FB85802BD25F7300F6D8C2 /* Devices in Frameworks */ = {isa = PBXBuildFile; productRef = B6FB857F2BD25F7300F6D8C2 /* Devices */; };
		B6FFEF852A2DBC0B008A223C /* SwiftUI_IOS_ResumeApp.swift in Sources */ = {isa = PBXBuildFile; fileRef = B6FFEF842A2DBC0B008A223C /* SwiftUI_IOS_ResumeApp.swift */; };
		B6FFEF872A2DBC0B008A223C /* ContentView.swift in Sources */ = {isa = PBXBuildFile; fileRef = B6FFEF862A2DBC0B008A223C /* ContentView.swift */; };
		B6FFF00C2A2DBD12008A223C /* Launch Screen.storyboard in Resources */ = {isa = PBXBuildFile; fileRef = B6FFF00B2A2DBD12008A223C /* Launch Screen.storyboard */; };
		B6FFF03C2A2DC0B9008A223C /* README.md in Resources */ = {isa = PBXBuildFile; fileRef = B6FFF03B2A2DC0B9008A223C /* README.md */; };
/* End PBXBuildFile section */

/* Begin PBXFileReference section */
		B6CA2ADB2BD11E5400F8C5AF /* Core */ = {isa = PBXFileReference; lastKnownFileType = wrapper; path = Core; sourceTree = "<group>"; };
		B6CA2ADC2BD11E7000F8C5AF /* Features */ = {isa = PBXFileReference; lastKnownFileType = wrapper; path = Features; sourceTree = "<group>"; };
		B6FB856F2BD1553E00F6D8C2 /* AppDelegate.swift */ = {isa = PBXFileReference; lastKnownFileType = sourcecode.swift; path = AppDelegate.swift; sourceTree = "<group>"; };
		B6FB85712BD1559400F6D8C2 /* AppServiceAssembly.swift */ = {isa = PBXFileReference; lastKnownFileType = sourcecode.swift; path = AppServiceAssembly.swift; sourceTree = "<group>"; };
		B6FB85792BD157ED00F6D8C2 /* Assets.xcassets */ = {isa = PBXFileReference; lastKnownFileType = folder.assetcatalog; path = Assets.xcassets; sourceTree = "<group>"; };
		B6FB857B2BD15CDC00F6D8C2 /* Localizable.xcstrings */ = {isa = PBXFileReference; lastKnownFileType = text.json.xcstrings; path = Localizable.xcstrings; sourceTree = "<group>"; };
		B6FFEF812A2DBC0B008A223C /* SwiftUI-IOS-Resume.app */ = {isa = PBXFileReference; explicitFileType = wrapper.application; includeInIndex = 0; path = "SwiftUI-IOS-Resume.app"; sourceTree = BUILT_PRODUCTS_DIR; };
		B6FFEF842A2DBC0B008A223C /* SwiftUI_IOS_ResumeApp.swift */ = {isa = PBXFileReference; lastKnownFileType = sourcecode.swift; path = SwiftUI_IOS_ResumeApp.swift; sourceTree = "<group>"; };
		B6FFEF862A2DBC0B008A223C /* ContentView.swift */ = {isa = PBXFileReference; lastKnownFileType = sourcecode.swift; path = ContentView.swift; sourceTree = "<group>"; };
		B6FFF00B2A2DBD12008A223C /* Launch Screen.storyboard */ = {isa = PBXFileReference; fileEncoding = 4; lastKnownFileType = file.storyboard; path = "Launch Screen.storyboard"; sourceTree = "<group>"; };
		B6FFF03B2A2DC0B9008A223C /* README.md */ = {isa = PBXFileReference; fileEncoding = 4; lastKnownFileType = net.daringfireball.markdown; path = README.md; sourceTree = "<group>"; };
/* End PBXFileReference section */

/* Begin PBXFrameworksBuildPhase section */
		B6FFEF7E2A2DBC0B008A223C /* Frameworks */ = {
			isa = PBXFrameworksBuildPhase;
			buildActionMask = 2147483647;
			files = (
				B6FB85802BD25F7300F6D8C2 /* Devices in Frameworks */,
				B6FB857E2BD1607C00F6D8C2 /* Films in Frameworks */,
				B6FB85742BD155DA00F6D8C2 /* HTTPClient in Frameworks */,
				B6FB856E2BD154DA00F6D8C2 /* Navigation in Frameworks */,
				B6FB85782BD155F500F6D8C2 /* WebDataSource in Frameworks */,
				B6FB85762BD155E500F6D8C2 /* UserDefaultManager in Frameworks */,
			);
			runOnlyForDeploymentPostprocessing = 0;
		};
/* End PBXFrameworksBuildPhase section */

/* Begin PBXGroup section */
		B6FB856C2BD154DA00F6D8C2 /* Frameworks */ = {
			isa = PBXGroup;
			children = (
			);
			name = Frameworks;
			sourceTree = "<group>";
		};
		B6FFEF782A2DBC0B008A223C = {
			isa = PBXGroup;
			children = (
				B6FFEF832A2DBC0B008A223C /* SwiftUI-IOS-Resume */,
				B6CA2ADB2BD11E5400F8C5AF /* Core */,
				B6CA2ADC2BD11E7000F8C5AF /* Features */,
				B6FFF03B2A2DC0B9008A223C /* README.md */,
				B6FFEF822A2DBC0B008A223C /* Products */,
				B6FB856C2BD154DA00F6D8C2 /* Frameworks */,
			);
			sourceTree = "<group>";
		};
		B6FFEF822A2DBC0B008A223C /* Products */ = {
			isa = PBXGroup;
			children = (
				B6FFEF812A2DBC0B008A223C /* SwiftUI-IOS-Resume.app */,
			);
			name = Products;
			sourceTree = "<group>";
		};
		B6FFEF832A2DBC0B008A223C /* SwiftUI-IOS-Resume */ = {
			isa = PBXGroup;
			children = (
				B6FB856F2BD1553E00F6D8C2 /* AppDelegate.swift */,
				B6FB85712BD1559400F6D8C2 /* AppServiceAssembly.swift */,
				B6FFEF842A2DBC0B008A223C /* SwiftUI_IOS_ResumeApp.swift */,
				B6FFEF862A2DBC0B008A223C /* ContentView.swift */,
				B6FB85792BD157ED00F6D8C2 /* Assets.xcassets */,
				B6FFF00B2A2DBD12008A223C /* Launch Screen.storyboard */,
				B6FB857B2BD15CDC00F6D8C2 /* Localizable.xcstrings */,
			);
			path = "SwiftUI-IOS-Resume";
			sourceTree = "<group>";
		};
/* End PBXGroup section */

/* Begin PBXNativeTarget section */
		B6FFEF802A2DBC0B008A223C /* SwiftUI-IOS-Resume */ = {
			isa = PBXNativeTarget;
			buildConfigurationList = B6FFEF8F2A2DBC0C008A223C /* Build configuration list for PBXNativeTarget "SwiftUI-IOS-Resume" */;
			buildPhases = (
				B6FFEF7D2A2DBC0B008A223C /* Sources */,
				B6FFEF7E2A2DBC0B008A223C /* Frameworks */,
				B6FFEF7F2A2DBC0B008A223C /* Resources */,
			);
			buildRules = (
			);
			dependencies = (
			);
			name = "SwiftUI-IOS-Resume";
			packageProductDependencies = (
				B6FB856D2BD154DA00F6D8C2 /* Navigation */,
				B6FB85732BD155DA00F6D8C2 /* HTTPClient */,
				B6FB85752BD155E500F6D8C2 /* UserDefaultManager */,
				B6FB85772BD155F500F6D8C2 /* WebDataSource */,
				B6FB857D2BD1607C00F6D8C2 /* Films */,
				B6FB857F2BD25F7300F6D8C2 /* Devices */,
			);
			productName = "SwiftUI-IOS-Resume";
			productReference = B6FFEF812A2DBC0B008A223C /* SwiftUI-IOS-Resume.app */;
			productType = "com.apple.product-type.application";
		};
/* End PBXNativeTarget section */

/* Begin PBXProject section */
		B6FFEF792A2DBC0B008A223C /* Project object */ = {
			isa = PBXProject;
			attributes = {
				BuildIndependentTargetsInParallel = 1;
				LastSwiftUpdateCheck = 1430;
				LastUpgradeCheck = 1430;
				TargetAttributes = {
					B6FFEF802A2DBC0B008A223C = {
						CreatedOnToolsVersion = 14.3;
					};
				};
			};
			buildConfigurationList = B6FFEF7C2A2DBC0B008A223C /* Build configuration list for PBXProject "SwiftUI-IOS-Resume" */;
			compatibilityVersion = "Xcode 14.0";
			developmentRegion = en;
			hasScannedForEncodings = 0;
			knownRegions = (
				en,
				Base,
				ru,
			);
			mainGroup = B6FFEF782A2DBC0B008A223C;
			packageReferences = (
				B6FFEF9A2A2DBCA0008A223C /* XCRemoteSwiftPackageReference "Alamofire" */,
				B6FFEF9D2A2DBCAB008A223C /* XCRemoteSwiftPackageReference "Kingfisher" */,
				B6FFEFA02A2DBCB9008A223C /* XCRemoteSwiftPackageReference "Swinject" */,
			);
			productRefGroup = B6FFEF822A2DBC0B008A223C /* Products */;
			projectDirPath = "";
			projectRoot = "";
			targets = (
				B6FFEF802A2DBC0B008A223C /* SwiftUI-IOS-Resume */,
			);
		};
/* End PBXProject section */

/* Begin PBXResourcesBuildPhase section */
		B6FFEF7F2A2DBC0B008A223C /* Resources */ = {
			isa = PBXResourcesBuildPhase;
			buildActionMask = 2147483647;
			files = (
				B6FFF03C2A2DC0B9008A223C /* README.md in Resources */,
				B6FB857A2BD157ED00F6D8C2 /* Assets.xcassets in Resources */,
				B6FB857C2BD15CDC00F6D8C2 /* Localizable.xcstrings in Resources */,
				B6FFF00C2A2DBD12008A223C /* Launch Screen.storyboard in Resources */,
			);
			runOnlyForDeploymentPostprocessing = 0;
		};
/* End PBXResourcesBuildPhase section */

/* Begin PBXSourcesBuildPhase section */
		B6FFEF7D2A2DBC0B008A223C /* Sources */ = {
			isa = PBXSourcesBuildPhase;
			buildActionMask = 2147483647;
			files = (
				B6FFEF872A2DBC0B008A223C /* ContentView.swift in Sources */,
				B6FB85702BD1553E00F6D8C2 /* AppDelegate.swift in Sources */,
				B6FB85722BD1559400F6D8C2 /* AppServiceAssembly.swift in Sources */,
				B6FFEF852A2DBC0B008A223C /* SwiftUI_IOS_ResumeApp.swift in Sources */,
			);
			runOnlyForDeploymentPostprocessing = 0;
		};
/* End PBXSourcesBuildPhase section */

/* Begin XCBuildConfiguration section */
		B6FFEF8D2A2DBC0C008A223C /* Debug */ = {
			isa = XCBuildConfiguration;
			buildSettings = {
				ALWAYS_SEARCH_USER_PATHS = NO;
				CLANG_ANALYZER_NONNULL = YES;
				CLANG_ANALYZER_NUMBER_OBJECT_CONVERSION = YES_AGGRESSIVE;
				CLANG_CXX_LANGUAGE_STANDARD = "gnu++20";
				CLANG_ENABLE_MODULES = YES;
				CLANG_ENABLE_OBJC_ARC = YES;
				CLANG_ENABLE_OBJC_WEAK = YES;
				CLANG_WARN_BLOCK_CAPTURE_AUTORELEASING = YES;
				CLANG_WARN_BOOL_CONVERSION = YES;
				CLANG_WARN_COMMA = YES;
				CLANG_WARN_CONSTANT_CONVERSION = YES;
				CLANG_WARN_DEPRECATED_OBJC_IMPLEMENTATIONS = YES;
				CLANG_WARN_DIRECT_OBJC_ISA_USAGE = YES_ERROR;
				CLANG_WARN_DOCUMENTATION_COMMENTS = YES;
				CLANG_WARN_EMPTY_BODY = YES;
				CLANG_WARN_ENUM_CONVERSION = YES;
				CLANG_WARN_INFINITE_RECURSION = YES;
				CLANG_WARN_INT_CONVERSION = YES;
				CLANG_WARN_NON_LITERAL_NULL_CONVERSION = YES;
				CLANG_WARN_OBJC_IMPLICIT_RETAIN_SELF = YES;
				CLANG_WARN_OBJC_LITERAL_CONVERSION = YES;
				CLANG_WARN_OBJC_ROOT_CLASS = YES_ERROR;
				CLANG_WARN_QUOTED_INCLUDE_IN_FRAMEWORK_HEADER = YES;
				CLANG_WARN_RANGE_LOOP_ANALYSIS = YES;
				CLANG_WARN_STRICT_PROTOTYPES = YES;
				CLANG_WARN_SUSPICIOUS_MOVE = YES;
				CLANG_WARN_UNGUARDED_AVAILABILITY = YES_AGGRESSIVE;
				CLANG_WARN_UNREACHABLE_CODE = YES;
				CLANG_WARN__DUPLICATE_METHOD_MATCH = YES;
				COPY_PHASE_STRIP = NO;
				DEBUG_INFORMATION_FORMAT = dwarf;
				ENABLE_STRICT_OBJC_MSGSEND = YES;
				ENABLE_TESTABILITY = YES;
				GCC_C_LANGUAGE_STANDARD = gnu11;
				GCC_DYNAMIC_NO_PIC = NO;
				GCC_NO_COMMON_BLOCKS = YES;
				GCC_OPTIMIZATION_LEVEL = 0;
				GCC_PREPROCESSOR_DEFINITIONS = (
					"DEBUG=1",
					"$(inherited)",
				);
				GCC_WARN_64_TO_32_BIT_CONVERSION = YES;
				GCC_WARN_ABOUT_RETURN_TYPE = YES_ERROR;
				GCC_WARN_UNDECLARED_SELECTOR = YES;
				GCC_WARN_UNINITIALIZED_AUTOS = YES_AGGRESSIVE;
				GCC_WARN_UNUSED_FUNCTION = YES;
				GCC_WARN_UNUSED_VARIABLE = YES;
				IPHONEOS_DEPLOYMENT_TARGET = 16.4;
				MTL_ENABLE_DEBUG_INFO = INCLUDE_SOURCE;
				MTL_FAST_MATH = YES;
				ONLY_ACTIVE_ARCH = YES;
				SDKROOT = iphoneos;
				SWIFT_ACTIVE_COMPILATION_CONDITIONS = DEBUG;
				SWIFT_OPTIMIZATION_LEVEL = "-Onone";
			};
			name = Debug;
		};
		B6FFEF8E2A2DBC0C008A223C /* Release */ = {
			isa = XCBuildConfiguration;
			buildSettings = {
				ALWAYS_SEARCH_USER_PATHS = NO;
				CLANG_ANALYZER_NONNULL = YES;
				CLANG_ANALYZER_NUMBER_OBJECT_CONVERSION = YES_AGGRESSIVE;
				CLANG_CXX_LANGUAGE_STANDARD = "gnu++20";
				CLANG_ENABLE_MODULES = YES;
				CLANG_ENABLE_OBJC_ARC = YES;
				CLANG_ENABLE_OBJC_WEAK = YES;
				CLANG_WARN_BLOCK_CAPTURE_AUTORELEASING = YES;
				CLANG_WARN_BOOL_CONVERSION = YES;
				CLANG_WARN_COMMA = YES;
				CLANG_WARN_CONSTANT_CONVERSION = YES;
				CLANG_WARN_DEPRECATED_OBJC_IMPLEMENTATIONS = YES;
				CLANG_WARN_DIRECT_OBJC_ISA_USAGE = YES_ERROR;
				CLANG_WARN_DOCUMENTATION_COMMENTS = YES;
				CLANG_WARN_EMPTY_BODY = YES;
				CLANG_WARN_ENUM_CONVERSION = YES;
				CLANG_WARN_INFINITE_RECURSION = YES;
				CLANG_WARN_INT_CONVERSION = YES;
				CLANG_WARN_NON_LITERAL_NULL_CONVERSION = YES;
				CLANG_WARN_OBJC_IMPLICIT_RETAIN_SELF = YES;
				CLANG_WARN_OBJC_LITERAL_CONVERSION = YES;
				CLANG_WARN_OBJC_ROOT_CLASS = YES_ERROR;
				CLANG_WARN_QUOTED_INCLUDE_IN_FRAMEWORK_HEADER = YES;
				CLANG_WARN_RANGE_LOOP_ANALYSIS = YES;
				CLANG_WARN_STRICT_PROTOTYPES = YES;
				CLANG_WARN_SUSPICIOUS_MOVE = YES;
				CLANG_WARN_UNGUARDED_AVAILABILITY = YES_AGGRESSIVE;
				CLANG_WARN_UNREACHABLE_CODE = YES;
				CLANG_WARN__DUPLICATE_METHOD_MATCH = YES;
				COPY_PHASE_STRIP = NO;
				DEBUG_INFORMATION_FORMAT = "dwarf-with-dsym";
				ENABLE_NS_ASSERTIONS = NO;
				ENABLE_STRICT_OBJC_MSGSEND = YES;
				GCC_C_LANGUAGE_STANDARD = gnu11;
				GCC_NO_COMMON_BLOCKS = YES;
				GCC_WARN_64_TO_32_BIT_CONVERSION = YES;
				GCC_WARN_ABOUT_RETURN_TYPE = YES_ERROR;
				GCC_WARN_UNDECLARED_SELECTOR = YES;
				GCC_WARN_UNINITIALIZED_AUTOS = YES_AGGRESSIVE;
				GCC_WARN_UNUSED_FUNCTION = YES;
				GCC_WARN_UNUSED_VARIABLE = YES;
				IPHONEOS_DEPLOYMENT_TARGET = 16.4;
				MTL_ENABLE_DEBUG_INFO = NO;
				MTL_FAST_MATH = YES;
				SDKROOT = iphoneos;
				SWIFT_COMPILATION_MODE = wholemodule;
				SWIFT_OPTIMIZATION_LEVEL = "-O";
				VALIDATE_PRODUCT = YES;
			};
			name = Release;
		};
		B6FFEF902A2DBC0C008A223C /* Debug */ = {
			isa = XCBuildConfiguration;
			buildSettings = {
				ASSETCATALOG_COMPILER_APPICON_NAME = AppIcon;
				ASSETCATALOG_COMPILER_GLOBAL_ACCENT_COLOR_NAME = AccentColor;
				CODE_SIGN_STYLE = Automatic;
				CURRENT_PROJECT_VERSION = 1;
				DEVELOPMENT_ASSET_PATHS = "";
				DEVELOPMENT_TEAM = TVFWA39CU8;
				ENABLE_PREVIEWS = YES;
				GENERATE_INFOPLIST_FILE = YES;
				INFOPLIST_KEY_CFBundleDisplayName = "Резюме";
				INFOPLIST_KEY_LSApplicationCategoryType = "public.app-category.education";
				INFOPLIST_KEY_UIApplicationSceneManifest_Generation = YES;
				INFOPLIST_KEY_UIApplicationSupportsIndirectInputEvents = YES;
				INFOPLIST_KEY_UILaunchScreen_Generation = YES;
				INFOPLIST_KEY_UILaunchStoryboardName = "Launch Screen.storyboard";
				INFOPLIST_KEY_UISupportedInterfaceOrientations_iPad = "UIInterfaceOrientationPortrait UIInterfaceOrientationPortraitUpsideDown UIInterfaceOrientationLandscapeLeft UIInterfaceOrientationLandscapeRight";
				INFOPLIST_KEY_UISupportedInterfaceOrientations_iPhone = "UIInterfaceOrientationPortrait UIInterfaceOrientationLandscapeLeft UIInterfaceOrientationLandscapeRight";
				IPHONEOS_DEPLOYMENT_TARGET = 15.0;
				LD_RUNPATH_SEARCH_PATHS = (
					"$(inherited)",
					"@executable_path/Frameworks",
				);
				MARKETING_VERSION = 1.0;
				PRODUCT_BUNDLE_IDENTIFIER = "ru.torear.SwiftUI-IOS-Resume";
				PRODUCT_NAME = "$(TARGET_NAME)";
				SWIFT_EMIT_LOC_STRINGS = YES;
				SWIFT_VERSION = 5.0;
				TARGETED_DEVICE_FAMILY = "1,2";
			};
			name = Debug;
		};
		B6FFEF912A2DBC0C008A223C /* Release */ = {
			isa = XCBuildConfiguration;
			buildSettings = {
				ASSETCATALOG_COMPILER_APPICON_NAME = AppIcon;
				ASSETCATALOG_COMPILER_GLOBAL_ACCENT_COLOR_NAME = AccentColor;
				CODE_SIGN_STYLE = Automatic;
				CURRENT_PROJECT_VERSION = 1;
				DEVELOPMENT_ASSET_PATHS = "";
				DEVELOPMENT_TEAM = TVFWA39CU8;
				ENABLE_PREVIEWS = YES;
				GENERATE_INFOPLIST_FILE = YES;
				INFOPLIST_KEY_CFBundleDisplayName = "Резюме";
				INFOPLIST_KEY_LSApplicationCategoryType = "public.app-category.education";
				INFOPLIST_KEY_UIApplicationSceneManifest_Generation = YES;
				INFOPLIST_KEY_UIApplicationSupportsIndirectInputEvents = YES;
				INFOPLIST_KEY_UILaunchScreen_Generation = YES;
				INFOPLIST_KEY_UILaunchStoryboardName = "Launch Screen.storyboard";
				INFOPLIST_KEY_UISupportedInterfaceOrientations_iPad = "UIInterfaceOrientationPortrait UIInterfaceOrientationPortraitUpsideDown UIInterfaceOrientationLandscapeLeft UIInterfaceOrientationLandscapeRight";
				INFOPLIST_KEY_UISupportedInterfaceOrientations_iPhone = "UIInterfaceOrientationPortrait UIInterfaceOrientationLandscapeLeft UIInterfaceOrientationLandscapeRight";
				IPHONEOS_DEPLOYMENT_TARGET = 15.0;
				LD_RUNPATH_SEARCH_PATHS = (
					"$(inherited)",
					"@executable_path/Frameworks",
				);
				MARKETING_VERSION = 1.0;
				PRODUCT_BUNDLE_IDENTIFIER = "ru.torear.SwiftUI-IOS-Resume";
				PRODUCT_NAME = "$(TARGET_NAME)";
				SWIFT_EMIT_LOC_STRINGS = YES;
				SWIFT_VERSION = 5.0;
				TARGETED_DEVICE_FAMILY = "1,2";
			};
			name = Release;
		};
/* End XCBuildConfiguration section */

/* Begin XCConfigurationList section */
		B6FFEF7C2A2DBC0B008A223C /* Build configuration list for PBXProject "SwiftUI-IOS-Resume" */ = {
			isa = XCConfigurationList;
			buildConfigurations = (
				B6FFEF8D2A2DBC0C008A223C /* Debug */,
				B6FFEF8E2A2DBC0C008A223C /* Release */,
			);
			defaultConfigurationIsVisible = 0;
			defaultConfigurationName = Release;
		};
		B6FFEF8F2A2DBC0C008A223C /* Build configuration list for PBXNativeTarget "SwiftUI-IOS-Resume" */ = {
			isa = XCConfigurationList;
			buildConfigurations = (
				B6FFEF902A2DBC0C008A223C /* Debug */,
				B6FFEF912A2DBC0C008A223C /* Release */,
			);
			defaultConfigurationIsVisible = 0;
			defaultConfigurationName = Release;
		};
/* End XCConfigurationList section */

/* Begin XCRemoteSwiftPackageReference section */
		B6FFEF9A2A2DBCA0008A223C /* XCRemoteSwiftPackageReference "Alamofire" */ = {
			isa = XCRemoteSwiftPackageReference;
			repositoryURL = "https://github.com/Alamofire/Alamofire";
			requirement = {
				kind = upToNextMajorVersion;
				minimumVersion = 5.0.0;
			};
		};
		B6FFEF9D2A2DBCAB008A223C /* XCRemoteSwiftPackageReference "Kingfisher" */ = {
			isa = XCRemoteSwiftPackageReference;
			repositoryURL = "https://github.com/onevcat/Kingfisher";
			requirement = {
				kind = upToNextMajorVersion;
				minimumVersion = 7.0.0;
			};
		};
		B6FFEFA02A2DBCB9008A223C /* XCRemoteSwiftPackageReference "Swinject" */ = {
			isa = XCRemoteSwiftPackageReference;
			repositoryURL = "https://github.com/Swinject/Swinject.git";
			requirement = {
				kind = upToNextMajorVersion;
				minimumVersion = 2.0.0;
			};
		};
/* End XCRemoteSwiftPackageReference section */

/* Begin XCSwiftPackageProductDependency section */
		B6FB856D2BD154DA00F6D8C2 /* Navigation */ = {
			isa = XCSwiftPackageProductDependency;
			productName = Navigation;
		};
		B6FB85732BD155DA00F6D8C2 /* HTTPClient */ = {
			isa = XCSwiftPackageProductDependency;
			productName = HTTPClient;
		};
		B6FB85752BD155E500F6D8C2 /* UserDefaultManager */ = {
			isa = XCSwiftPackageProductDependency;
			productName = UserDefaultManager;
		};
		B6FB85772BD155F500F6D8C2 /* WebDataSource */ = {
			isa = XCSwiftPackageProductDependency;
			productName = WebDataSource;
		};
		B6FB857D2BD1607C00F6D8C2 /* Films */ = {
			isa = XCSwiftPackageProductDependency;
			productName = Films;
		};
		B6FB857F2BD25F7300F6D8C2 /* Devices */ = {
			isa = XCSwiftPackageProductDependency;
			productName = Devices;
		};
/* End XCSwiftPackageProductDependency section */
	};
	rootObject = B6FFEF792A2DBC0B008A223C /* Project object */;
}
