{
  "originHash" : "b9660d8e07a0cb5ffa4167d728023fb143b69f55ce4b9883f7f1cf1a858c4289",
  "pins" : [
    {
      "identity" : "alamofire",
      "kind" : "remoteSourceControl",
      "location" : "https://github.com/Alamofire/Alamofire",
      "state" : {
        "revision" : "f455c2975872ccd2d9c81594c658af65716e9b9a",
        "version" : "5.9.1"
      }
    },
    {
      "identity" : "kingfisher",
      "kind" : "remoteSourceControl",
      "location" : "https://github.com/onevcat/Kingfisher",
      "state" : {
        "revision" : "5b92f029fab2cce44386d28588098b5be0824ef5",
        "version" : "7.11.0"
      }
    },
    {
      "identity" : "swinject",
      "kind" : "remoteSourceControl",
      "location" : "https://github.com/Swinject/Swinject.git",
      "state" : {
        "revision" : "b45ac37ca19905b2e12c429807e1955a7d43d1fd",
        "version" : "2.8.6"
      }
    }
  ],
  "version" : 3
}
